// !$*UTF8*$!
{
	archiveVersion = 1;
	classes = {
	};
	objectVersion = 50;
	objects = {

/* Begin PBXBuildFile section */
		7951D2B4228248A800CCDFBC /* AppDelegate.swift in Sources */ = {isa = PBXBuildFile; fileRef = 7951D2B3228248A800CCDFBC /* AppDelegate.swift */; };
		7951D2B6228248A800CCDFBC /* ViewController.swift in Sources */ = {isa = PBXBuildFile; fileRef = 7951D2B5228248A800CCDFBC /* ViewController.swift */; };
		7951D2B9228248A800CCDFBC /* Main.storyboard in Resources */ = {isa = PBXBuildFile; fileRef = 7951D2B7228248A800CCDFBC /* Main.storyboard */; };
		7951D2BB228248AD00CCDFBC /* Assets.xcassets in Resources */ = {isa = PBXBuildFile; fileRef = 7951D2BA228248AD00CCDFBC /* Assets.xcassets */; };
		7951D2BE228248AD00CCDFBC /* LaunchScreen.storyboard in Resources */ = {isa = PBXBuildFile; fileRef = 7951D2BC228248AD00CCDFBC /* LaunchScreen.storyboard */; };
		7951D2C72283789D00CCDFBC /* Repo.swift in Sources */ = {isa = PBXBuildFile; fileRef = 7951D2C62283789D00CCDFBC /* Repo.swift */; };
/* End PBXBuildFile section */

/* Begin PBXFileReference section */
		7951D2B0228248A800CCDFBC /* NetworkBasics2.app */ = {isa = PBXFileReference; explicitFileType = wrapper.application; includeInIndex = 0; path = NetworkBasics2.app; sourceTree = BUILT_PRODUCTS_DIR; };
		7951D2B3228248A800CCDFBC /* AppDelegate.swift */ = {isa = PBXFileReference; lastKnownFileType = sourcecode.swift; path = AppDelegate.swift; sourceTree = "<group>"; };
		7951D2B5228248A800CCDFBC /* ViewController.swift */ = {isa = PBXFileReference; lastKnownFileType = sourcecode.swift; path = ViewController.swift; sourceTree = "<group>"; };
		7951D2B8228248A800CCDFBC /* Base */ = {isa = PBXFileReference; lastKnownFileType = file.storyboard; name = Base; path = Base.lproj/Main.storyboard; sourceTree = "<group>"; };
		7951D2BA228248AD00CCDFBC /* Assets.xcassets */ = {isa = PBXFileReference; lastKnownFileType = folder.assetcatalog; path = Assets.xcassets; sourceTree = "<group>"; };
		7951D2BD228248AD00CCDFBC /* Base */ = {isa = PBXFileReference; lastKnownFileType = file.storyboard; name = Base; path = Base.lproj/LaunchScreen.storyboard; sourceTree = "<group>"; };
		7951D2BF228248AD00CCDFBC /* Info.plist */ = {isa = PBXFileReference; lastKnownFileType = text.plist.xml; path = Info.plist; sourceTree = "<group>"; };
		7951D2C62283789D00CCDFBC /* Repo.swift */ = {isa = PBXFileReference; lastKnownFileType = sourcecode.swift; path = Repo.swift; sourceTree = "<group>"; };
/* End PBXFileReference section */

/* Begin PBXFrameworksBuildPhase section */
		7951D2AD228248A800CCDFBC /* Frameworks */ = {
			isa = PBXFrameworksBuildPhase;
			buildActionMask = 2147483647;
			files = (
			);
			runOnlyForDeploymentPostprocessing = 0;
		};
/* End PBXFrameworksBuildPhase section */

/* Begin PBXGroup section */
		7951D2A7228248A800CCDFBC = {
			isa = PBXGroup;
			children = (
				7951D2B2228248A800CCDFBC /* NetworkBasics2 */,
				7951D2B1228248A800CCDFBC /* Products */,
			);
			sourceTree = "<group>";
		};
		7951D2B1228248A800CCDFBC /* Products */ = {
			isa = PBXGroup;
			children = (
				7951D2B0228248A800CCDFBC /* NetworkBasics2.app */,
			);
			name = Products;
			sourceTree = "<group>";
		};
		7951D2B2228248A800CCDFBC /* NetworkBasics2 */ = {
			isa = PBXGroup;
			children = (
				7951D2C522824BE800CCDFBC /* Supporting Files */,
				7951D2B5228248A800CCDFBC /* ViewController.swift */,
				7951D2BF228248AD00CCDFBC /* Info.plist */,
				7951D2C62283789D00CCDFBC /* Repo.swift */,
			);
			path = NetworkBasics2;
			sourceTree = "<group>";
		};
		7951D2C522824BE800CCDFBC /* Supporting Files */ = {
			isa = PBXGroup;
			children = (
				7951D2B3228248A800CCDFBC /* AppDelegate.swift */,
				7951D2B7228248A800CCDFBC /* Main.storyboard */,
				7951D2BA228248AD00CCDFBC /* Assets.xcassets */,
				7951D2BC228248AD00CCDFBC /* LaunchScreen.storyboard */,
			);
			path = "Supporting Files";
			sourceTree = "<group>";
		};
/* End PBXGroup section */

/* Begin PBXNativeTarget section */
		7951D2AF228248A800CCDFBC /* NetworkBasics2 */ = {
			isa = PBXNativeTarget;
			buildConfigurationList = 7951D2C2228248AD00CCDFBC /* Build configuration list for PBXNativeTarget "NetworkBasics2" */;
			buildPhases = (
				7951D2AC228248A800CCDFBC /* Sources */,
				7951D2AD228248A800CCDFBC /* Frameworks */,
				7951D2AE228248A800CCDFBC /* Resources */,
			);
			buildRules = (
			);
			dependencies = (
			);
			name = NetworkBasics2;
			productName = NetworkBasics2;
			productReference = 7951D2B0228248A800CCDFBC /* NetworkBasics2.app */;
			productType = "com.apple.product-type.application";
		};
/* End PBXNativeTarget section */

/* Begin PBXProject section */
		7951D2A8228248A800CCDFBC /* Project object */ = {
			isa = PBXProject;
			attributes = {
				LastSwiftUpdateCheck = 1020;
				LastUpgradeCheck = 1020;
				ORGANIZATIONNAME = "Guilherme Wahlbrink";
				TargetAttributes = {
					7951D2AF228248A800CCDFBC = {
						CreatedOnToolsVersion = 10.2.1;
					};
				};
			};
			buildConfigurationList = 7951D2AB228248A800CCDFBC /* Build configuration list for PBXProject "NetworkBasics2" */;
			compatibilityVersion = "Xcode 9.3";
			developmentRegion = en;
			hasScannedForEncodings = 0;
			knownRegions = (
				en,
				Base,
			);
			mainGroup = 7951D2A7228248A800CCDFBC;
			productRefGroup = 7951D2B1228248A800CCDFBC /* Products */;
			projectDirPath = "";
			projectRoot = "";
			targets = (
				7951D2AF228248A800CCDFBC /* NetworkBasics2 */,
			);
		};
/* End PBXProject section */

/* Begin PBXResourcesBuildPhase section */
		7951D2AE228248A800CCDFBC /* Resources */ = {
			isa = PBXResourcesBuildPhase;
			buildActionMask = 2147483647;
			files = (
				7951D2BE228248AD00CCDFBC /* LaunchScreen.storyboard in Resources */,
				7951D2BB228248AD00CCDFBC /* Assets.xcassets in Resources */,
				7951D2B9228248A800CCDFBC /* Main.storyboard in Resources */,
			);
			runOnlyForDeploymentPostprocessing = 0;
		};
/* End PBXResourcesBuildPhase section */

/* Begin PBXSourcesBuildPhase section */
		7951D2AC228248A800CCDFBC /* Sources */ = {
			isa = PBXSourcesBuildPhase;
			buildActionMask = 2147483647;
			files = (
				7951D2C72283789D00CCDFBC /* Repo.swift in Sources */,
				7951D2B6228248A800CCDFBC /* ViewController.swift in Sources */,
				7951D2B4228248A800CCDFBC /* AppDelegate.swift in Sources */,
			);
			runOnlyForDeploymentPostprocessing = 0;
		};
/* End PBXSourcesBuildPhase section */

/* Begin PBXVariantGroup section */
		7951D2B7228248A800CCDFBC /* Main.storyboard */ = {
			isa = PBXVariantGroup;
			children = (
				7951D2B8228248A800CCDFBC /* Base */,
			);
			name = Main.storyboard;
			sourceTree = "<group>";
		};
		7951D2BC228248AD00CCDFBC /* LaunchScreen.storyboard */ = {
			isa = PBXVariantGroup;
			children = (
				7951D2BD228248AD00CCDFBC /* Base */,
			);
			name = LaunchScreen.storyboard;
			sourceTree = "<group>";
		};
/* End PBXVariantGroup section */

/* Begin XCBuildConfiguration section */
		7951D2C0228248AD00CCDFBC /* Debug */ = {
			isa = XCBuildConfiguration;
			buildSettings = {
				ALWAYS_SEARCH_USER_PATHS = NO;
				CLANG_ANALYZER_NONNULL = YES;
				CLANG_ANALYZER_NUMBER_OBJECT_CONVERSION = YES_AGGRESSIVE;
				CLANG_CXX_LANGUAGE_STANDARD = "gnu++14";
				CLANG_CXX_LIBRARY = "libc++";
				CLANG_ENABLE_MODULES = YES;
				CLANG_ENABLE_OBJC_ARC = YES;
				CLANG_ENABLE_OBJC_WEAK = YES;
				CLANG_WARN_BLOCK_CAPTURE_AUTORELEASING = YES;
				CLANG_WARN_BOOL_CONVERSION = YES;
				CLANG_WARN_COMMA = YES;
				CLANG_WARN_CONSTANT_CONVERSION = YES;
				CLANG_WARN_DEPRECATED_OBJC_IMPLEMENTATIONS = YES;
				CLANG_WARN_DIRECT_OBJC_ISA_USAGE = YES_ERROR;
				CLANG_WARN_DOCUMENTATION_COMMENTS = YES;
				CLANG_WARN_EMPTY_BODY = YES;
				CLANG_WARN_ENUM_CONVERSION = YES;
				CLANG_WARN_INFINITE_RECURSION = YES;
				CLANG_WARN_INT_CONVERSION = YES;
				CLANG_WARN_NON_LITERAL_NULL_CONVERSION = YES;
				CLANG_WARN_OBJC_IMPLICIT_RETAIN_SELF = YES;
				CLANG_WARN_OBJC_LITERAL_CONVERSION = YES;
				CLANG_WARN_OBJC_ROOT_CLASS = YES_ERROR;
				CLANG_WARN_RANGE_LOOP_ANALYSIS = YES;
				CLANG_WARN_STRICT_PROTOTYPES = YES;
				CLANG_WARN_SUSPICIOUS_MOVE = YES;
				CLANG_WARN_UNGUARDED_AVAILABILITY = YES_AGGRESSIVE;
				CLANG_WARN_UNREACHABLE_CODE = YES;
				CLANG_WARN__DUPLICATE_METHOD_MATCH = YES;
				CODE_SIGN_IDENTITY = "iPhone Developer";
				COPY_PHASE_STRIP = NO;
				DEBUG_INFORMATION_FORMAT = dwarf;
				ENABLE_STRICT_OBJC_MSGSEND = YES;
				ENABLE_TESTABILITY = YES;
				GCC_C_LANGUAGE_STANDARD = gnu11;
				GCC_DYNAMIC_NO_PIC = NO;
				GCC_NO_COMMON_BLOCKS = YES;
				GCC_OPTIMIZATION_LEVEL = 0;
				GCC_PREPROCESSOR_DEFINITIONS = (
					"DEBUG=1",
					"$(inherited)",
				);
				GCC_WARN_64_TO_32_BIT_CONVERSION = YES;
				GCC_WARN_ABOUT_RETURN_TYPE = YES_ERROR;
				GCC_WARN_UNDECLARED_SELECTOR = YES;
				GCC_WARN_UNINITIALIZED_AUTOS = YES_AGGRESSIVE;
				GCC_WARN_UNUSED_FUNCTION = YES;
				GCC_WARN_UNUSED_VARIABLE = YES;
				IPHONEOS_DEPLOYMENT_TARGET = 12.2;
				MTL_ENABLE_DEBUG_INFO = INCLUDE_SOURCE;
				MTL_FAST_MATH = YES;
				ONLY_ACTIVE_ARCH = YES;
				SDKROOT = iphoneos;
				SWIFT_ACTIVE_COMPILATION_CONDITIONS = DEBUG;
				SWIFT_OPTIMIZATION_LEVEL = "-Onone";
			};
			name = Debug;
		};
		7951D2C1228248AD00CCDFBC /* Release */ = {
			isa = XCBuildConfiguration;
			buildSettings = {
				ALWAYS_SEARCH_USER_PATHS = NO;
				CLANG_ANALYZER_NONNULL = YES;
				CLANG_ANALYZER_NUMBER_OBJECT_CONVERSION = YES_AGGRESSIVE;
				CLANG_CXX_LANGUAGE_STANDARD = "gnu++14";
				CLANG_CXX_LIBRARY = "libc++";
				CLANG_ENABLE_MODULES = YES;
				CLANG_ENABLE_OBJC_ARC = YES;
				CLANG_ENABLE_OBJC_WEAK = YES;
				CLANG_WARN_BLOCK_CAPTURE_AUTORELEASING = YES;
				CLANG_WARN_BOOL_CONVERSION = YES;
				CLANG_WARN_COMMA = YES;
				CLANG_WARN_CONSTANT_CONVERSION = YES;
				CLANG_WARN_DEPRECATED_OBJC_IMPLEMENTATIONS = YES;
				CLANG_WARN_DIRECT_OBJC_ISA_USAGE = YES_ERROR;
				CLANG_WARN_DOCUMENTATION_COMMENTS = YES;
				CLANG_WARN_EMPTY_BODY = YES;
				CLANG_WARN_ENUM_CONVERSION = YES;
				CLANG_WARN_INFINITE_RECURSION = YES;
				CLANG_WARN_INT_CONVERSION = YES;
				CLANG_WARN_NON_LITERAL_NULL_CONVERSION = YES;
				CLANG_WARN_OBJC_IMPLICIT_RETAIN_SELF = YES;
				CLANG_WARN_OBJC_LITERAL_CONVERSION = YES;
				CLANG_WARN_OBJC_ROOT_CLASS = YES_ERROR;
				CLANG_WARN_RANGE_LOOP_ANALYSIS = YES;
				CLANG_WARN_STRICT_PROTOTYPES = YES;
				CLANG_WARN_SUSPICIOUS_MOVE = YES;
				CLANG_WARN_UNGUARDED_AVAILABILITY = YES_AGGRESSIVE;
				CLANG_WARN_UNREACHABLE_CODE = YES;
				CLANG_WARN__DUPLICATE_METHOD_MATCH = YES;
				CODE_SIGN_IDENTITY = "iPhone Developer";
				COPY_PHASE_STRIP = NO;
				DEBUG_INFORMATION_FORMAT = "dwarf-with-dsym";
				ENABLE_NS_ASSERTIONS = NO;
				ENABLE_STRICT_OBJC_MSGSEND = YES;
				GCC_C_LANGUAGE_STANDARD = gnu11;
				GCC_NO_COMMON_BLOCKS = YES;
				GCC_WARN_64_TO_32_BIT_CONVERSION = YES;
				GCC_WARN_ABOUT_RETURN_TYPE = YES_ERROR;
				GCC_WARN_UNDECLARED_SELECTOR = YES;
				GCC_WARN_UNINITIALIZED_AUTOS = YES_AGGRESSIVE;
				GCC_WARN_UNUSED_FUNCTION = YES;
				GCC_WARN_UNUSED_VARIABLE = YES;
				IPHONEOS_DEPLOYMENT_TARGET = 12.2;
				MTL_ENABLE_DEBUG_INFO = NO;
				MTL_FAST_MATH = YES;
				SDKROOT = iphoneos;
				SWIFT_COMPILATION_MODE = wholemodule;
				SWIFT_OPTIMIZATION_LEVEL = "-O";
				VALIDATE_PRODUCT = YES;
			};
			name = Release;
		};
		7951D2C3228248AD00CCDFBC /* Debug */ = {
			isa = XCBuildConfiguration;
			buildSettings = {
				ASSETCATALOG_COMPILER_APPICON_NAME = AppIcon;
				CODE_SIGN_STYLE = Automatic;
				INFOPLIST_FILE = NetworkBasics2/Info.plist;
				LD_RUNPATH_SEARCH_PATHS = (
					"$(inherited)",
					"@executable_path/Frameworks",
				);
				PRODUCT_BUNDLE_IDENTIFIER = student.NetworkBasics2;
				PRODUCT_NAME = "$(TARGET_NAME)";
				SWIFT_VERSION = 5.0;
				TARGETED_DEVICE_FAMILY = "1,2";
			};
			name = Debug;
		};
		7951D2C4228248AD00CCDFBC /* Release */ = {
			isa = XCBuildConfiguration;
			buildSettings = {
				ASSETCATALOG_COMPILER_APPICON_NAME = AppIcon;
				CODE_SIGN_STYLE = Automatic;
				INFOPLIST_FILE = NetworkBasics2/Info.plist;
				LD_RUNPATH_SEARCH_PATHS = (
					"$(inherited)",
					"@executable_path/Frameworks",
				);
				PRODUCT_BUNDLE_IDENTIFIER = student.NetworkBasics2;
				PRODUCT_NAME = "$(TARGET_NAME)";
				SWIFT_VERSION = 5.0;
				TARGETED_DEVICE_FAMILY = "1,2";
			};
			name = Release;
		};
/* End XCBuildConfiguration section */

/* Begin XCConfigurationList section */
		7951D2AB228248A800CCDFBC /* Build configuration list for PBXProject "NetworkBasics2" */ = {
			isa = XCConfigurationList;
			buildConfigurations = (
				7951D2C0228248AD00CCDFBC /* Debug */,
				7951D2C1228248AD00CCDFBC /* Release */,
			);
			defaultConfigurationIsVisible = 0;
			defaultConfigurationName = Release;
		};
		7951D2C2228248AD00CCDFBC /* Build configuration list for PBXNativeTarget "NetworkBasics2" */ = {
			isa = XCConfigurationList;
			buildConfigurations = (
				7951D2C3228248AD00CCDFBC /* Debug */,
				7951D2C4228248AD00CCDFBC /* Release */,
			);
			defaultConfigurationIsVisible = 0;
			defaultConfigurationName = Release;
		};
/* End XCConfigurationList section */
	};
	rootObject = 7951D2A8228248A800CCDFBC /* Project object */;
}
